
Microsoft Visual Studio Solution File, Format Version 12.00
# Visual Studio 15
VisualStudioVersion = 15.0.27004.2008
MinimumVisualStudioVersion = 10.0.40219.1
Project("{FAE04EC0-301F-11D3-BF4B-00C04F79EFBC}") = "wp2md", "wp2md\wp2md.csproj", "{5FF579AE-6F9B-4652-85BA-139001CD93D5}"
EndProject
Project("{FAE04EC0-301F-11D3-BF4B-00C04F79EFBC}") = "test", "test\test.csproj", "{54B52BB8-3E82-4D0E-B822-82BB9100EE1B}"
	ProjectSection(ProjectDependencies) = postProject
		{5FF579AE-6F9B-4652-85BA-139001CD93D5} = {5FF579AE-6F9B-4652-85BA-139001CD93D5}
	EndProjectSection
EndProject
Global
	GlobalSection(SolutionConfigurationPlatforms) = preSolution
		Debug|Any CPU = Debug|Any CPU
		Release|Any CPU = Release|Any CPU
	EndGlobalSection
	GlobalSection(ProjectConfigurationPlatforms) = postSolution
		{5FF579AE-6F9B-4652-85BA-139001CD93D5}.Debug|Any CPU.ActiveCfg = Debug|Any CPU
		{5FF579AE-6F9B-4652-85BA-139001CD93D5}.Debug|Any CPU.Build.0 = Debug|Any CPU
		{5FF579AE-6F9B-4652-85BA-139001CD93D5}.Release|Any CPU.ActiveCfg = Release|Any CPU
		{5FF579AE-6F9B-4652-85BA-139001CD93D5}.Release|Any CPU.Build.0 = Release|Any CPU
		{54B52BB8-3E82-4D0E-B822-82BB9100EE1B}.Debug|Any CPU.ActiveCfg = Debug|Any CPU
		{54B52BB8-3E82-4D0E-B822-82BB9100EE1B}.Debug|Any CPU.Build.0 = Debug|Any CPU
		{54B52BB8-3E82-4D0E-B822-82BB9100EE1B}.Release|Any CPU.ActiveCfg = Release|Any CPU
		{54B52BB8-3E82-4D0E-B822-82BB9100EE1B}.Release|Any CPU.Build.0 = Release|Any CPU
	EndGlobalSection
	GlobalSection(SolutionProperties) = preSolution
		HideSolutionNode = FALSE
	EndGlobalSection
	GlobalSection(ExtensibilityGlobals) = postSolution
		SolutionGuid = {3CE4717F-ECC7-4229-B868-0D63E7C04920}
	EndGlobalSection
EndGlobal
